// !$*UTF8*$!
{
	archiveVersion = 1;
	classes = {
	};
	objectVersion = 50;
	objects = {

/* Begin PBXBuildFile section */
		3610A34E25B8521F005A27DE /* TFY_WheelTableViewCell.m in Sources */ = {isa = PBXBuildFile; fileRef = 3610A34D25B8521F005A27DE /* TFY_WheelTableViewCell.m */; };
		3610A35A25B85D13005A27DE /* TFY_SecondViewController.m in Sources */ = {isa = PBXBuildFile; fileRef = 3610A35925B85D13005A27DE /* TFY_SecondViewController.m */; };
		36768A3525B4731300335FD2 /* TFY_LoadingView.m in Sources */ = {isa = PBXBuildFile; fileRef = 36768A3425B4731300335FD2 /* TFY_LoadingView.m */; };
		36768A3E25B473EE00335FD2 /* TFY_SheetPicker.m in Sources */ = {isa = PBXBuildFile; fileRef = 36768A3D25B473EE00335FD2 /* TFY_SheetPicker.m */; };
		36768A4425B474FA00335FD2 /* TFY_PopoverMenuController.m in Sources */ = {isa = PBXBuildFile; fileRef = 36768A4325B474FA00335FD2 /* TFY_PopoverMenuController.m */; };
		36768A4A25B4752E00335FD2 /* TFY_Section.m in Sources */ = {isa = PBXBuildFile; fileRef = 36768A4925B4752E00335FD2 /* TFY_Section.m */; };
		36768A5825B475E300335FD2 /* TFY_CodeViewConroller.m in Sources */ = {isa = PBXBuildFile; fileRef = 36768A5725B475E300335FD2 /* TFY_CodeViewConroller.m */; };
		36768A6625B47B3400335FD2 /* TFY_RegisterInteractiveController.m in Sources */ = {isa = PBXBuildFile; fileRef = 36768A6525B47B3400335FD2 /* TFY_RegisterInteractiveController.m */; };
		36768A6C25B47BA900335FD2 /* TFY_TestViewController.m in Sources */ = {isa = PBXBuildFile; fileRef = 36768A6B25B47BA900335FD2 /* TFY_TestViewController.m */; };
		36768A7225B47BE200335FD2 /* TFY_TestView.m in Sources */ = {isa = PBXBuildFile; fileRef = 36768A7125B47BE200335FD2 /* TFY_TestView.m */; };
		36768A7825B47E0200335FD2 /* TFY_NavTransitionMenuController.m in Sources */ = {isa = PBXBuildFile; fileRef = 36768A7725B47E0200335FD2 /* TFY_NavTransitionMenuController.m */; };
		36768A7E25B47E2C00335FD2 /* TFY_FirstTableController.m in Sources */ = {isa = PBXBuildFile; fileRef = 36768A7D25B47E2C00335FD2 /* TFY_FirstTableController.m */; };
		36768A8425B47E5100335FD2 /* TFY_ModalFirstController.m in Sources */ = {isa = PBXBuildFile; fileRef = 36768A8325B47E5100335FD2 /* TFY_ModalFirstController.m */; };
		36768A8A25B47ECB00335FD2 /* TFY_AppStoreListController.m in Sources */ = {isa = PBXBuildFile; fileRef = 36768A8925B47ECB00335FD2 /* TFY_AppStoreListController.m */; };
		36768A9025B47EF000335FD2 /* TFY_AppStoreCardCell.m in Sources */ = {isa = PBXBuildFile; fileRef = 36768A8F25B47EF000335FD2 /* TFY_AppStoreCardCell.m */; };
		36768A9625B47F3200335FD2 /* TFY_AppStoreCardAmiator.m in Sources */ = {isa = PBXBuildFile; fileRef = 36768A9525B47F3200335FD2 /* TFY_AppStoreCardAmiator.m */; };
		36768A9C25B47F8600335FD2 /* TFY_AppStoreDetialController.m in Sources */ = {isa = PBXBuildFile; fileRef = 36768A9B25B47F8600335FD2 /* TFY_AppStoreDetialController.m */; };
		36768AA225B482CE00335FD2 /* TFY_ModalMenuController.m in Sources */ = {isa = PBXBuildFile; fileRef = 36768AA125B482CE00335FD2 /* TFY_ModalMenuController.m */; };
		36B7CE6A25B443D6005D81DF /* Assets.xcassets in Resources */ = {isa = PBXBuildFile; fileRef = 36B7CE6925B443D6005D81DF /* Assets.xcassets */; };
		36B7CE6D25B443D6005D81DF /* LaunchScreen.storyboard in Resources */ = {isa = PBXBuildFile; fileRef = 36B7CE6B25B443D6005D81DF /* LaunchScreen.storyboard */; };
		36B7CE7025B443D6005D81DF /* main.m in Sources */ = {isa = PBXBuildFile; fileRef = 36B7CE6F25B443D6005D81DF /* main.m */; };
		36B7CE7A25B443D6005D81DF /* TFY_TransitionsTests.m in Sources */ = {isa = PBXBuildFile; fileRef = 36B7CE7925B443D6005D81DF /* TFY_TransitionsTests.m */; };
		36B7CE8525B443D6005D81DF /* TFY_TransitionsUITests.m in Sources */ = {isa = PBXBuildFile; fileRef = 36B7CE8425B443D6005D81DF /* TFY_TransitionsUITests.m */; };
		36B7CEA025B4486C005D81DF /* TFY_PopTransitVC.m in Sources */ = {isa = PBXBuildFile; fileRef = 36B7CE9F25B4486C005D81DF /* TFY_PopTransitVC.m */; };
		36B7CEA925B448EC005D81DF /* TFY_PresentationVC.m in Sources */ = {isa = PBXBuildFile; fileRef = 36B7CEA825B448EC005D81DF /* TFY_PresentationVC.m */; };
		36B7CEB225B44DB4005D81DF /* TFY_TransitFunction.m in Sources */ = {isa = PBXBuildFile; fileRef = 36B7CEB125B44DB4005D81DF /* TFY_TransitFunction.m */; };
		36B7CEBC25B450FD005D81DF /* TFY_Animator.m in Sources */ = {isa = PBXBuildFile; fileRef = 36B7CEBB25B450FD005D81DF /* TFY_Animator.m */; };
		36B7CEC225B452BC005D81DF /* TFY_AnimatorTemplate.m in Sources */ = {isa = PBXBuildFile; fileRef = 36B7CEC125B452BC005D81DF /* TFY_AnimatorTemplate.m */; };
		36B7CEC825B453A7005D81DF /* TFY_CATransitonAnimator.m in Sources */ = {isa = PBXBuildFile; fileRef = 36B7CEC725B453A7005D81DF /* TFY_CATransitonAnimator.m */; };
		36B7CECE25B45490005D81DF /* TFY_CustomAnimator.m in Sources */ = {isa = PBXBuildFile; fileRef = 36B7CECD25B45490005D81DF /* TFY_CustomAnimator.m */; };
		36B7CED425B45515005D81DF /* TFY_SwipeAnimator.m in Sources */ = {isa = PBXBuildFile; fileRef = 36B7CED325B45515005D81DF /* TFY_SwipeAnimator.m */; };
		36B7CEDA25B455C6005D81DF /* TFY_SystemAnimator.m in Sources */ = {isa = PBXBuildFile; fileRef = 36B7CED925B455C6005D81DF /* TFY_SystemAnimator.m */; };
		36B7CEE925B457D3005D81DF /* TFY_TransitionDelegate.m in Sources */ = {isa = PBXBuildFile; fileRef = 36B7CEE725B457D3005D81DF /* TFY_TransitionDelegate.m */; };
		36B7CEEF25B4580D005D81DF /* TFY_PercentDrivenInteractiveTransition.m in Sources */ = {isa = PBXBuildFile; fileRef = 36B7CEEE25B4580D005D81DF /* TFY_PercentDrivenInteractiveTransition.m */; };
		36B7CEF525B45892005D81DF /* UIViewController+Transitioning.m in Sources */ = {isa = PBXBuildFile; fileRef = 36B7CEF425B45892005D81DF /* UIViewController+Transitioning.m */; };
		36B7CEFB25B45A90005D81DF /* TFY_ScreenEdgePanGestureRecognizer.m in Sources */ = {isa = PBXBuildFile; fileRef = 36B7CEFA25B45A90005D81DF /* TFY_ScreenEdgePanGestureRecognizer.m */; };
		36B7CF0925B45FAA005D81DF /* AppDelegate.m in Sources */ = {isa = PBXBuildFile; fileRef = 36B7CF0225B45FAA005D81DF /* AppDelegate.m */; };
/* End PBXBuildFile section */

/* Begin PBXContainerItemProxy section */
		36B7CE7625B443D6005D81DF /* PBXContainerItemProxy */ = {
			isa = PBXContainerItemProxy;
			containerPortal = 36B7CE5225B443D5005D81DF /* Project object */;
			proxyType = 1;
			remoteGlobalIDString = 36B7CE5925B443D5005D81DF;
			remoteInfo = TFY_Transitions;
		};
		36B7CE8125B443D6005D81DF /* PBXContainerItemProxy */ = {
			isa = PBXContainerItemProxy;
			containerPortal = 36B7CE5225B443D5005D81DF /* Project object */;
			proxyType = 1;
			remoteGlobalIDString = 36B7CE5925B443D5005D81DF;
			remoteInfo = TFY_Transitions;
		};
/* End PBXContainerItemProxy section */

/* Begin PBXFileReference section */
		3610A34C25B8521F005A27DE /* TFY_WheelTableViewCell.h */ = {isa = PBXFileReference; lastKnownFileType = sourcecode.c.h; path = TFY_WheelTableViewCell.h; sourceTree = "<group>"; };
		3610A34D25B8521F005A27DE /* TFY_WheelTableViewCell.m */ = {isa = PBXFileReference; lastKnownFileType = sourcecode.c.objc; path = TFY_WheelTableViewCell.m; sourceTree = "<group>"; };
		3610A35825B85D13005A27DE /* TFY_SecondViewController.h */ = {isa = PBXFileReference; lastKnownFileType = sourcecode.c.h; path = TFY_SecondViewController.h; sourceTree = "<group>"; };
		3610A35925B85D13005A27DE /* TFY_SecondViewController.m */ = {isa = PBXFileReference; lastKnownFileType = sourcecode.c.objc; path = TFY_SecondViewController.m; sourceTree = "<group>"; };
		36768A2B25B46A1900335FD2 /* TFY_PrefixHeader.pch */ = {isa = PBXFileReference; lastKnownFileType = sourcecode.c.h; path = TFY_PrefixHeader.pch; sourceTree = "<group>"; };
		36768A3325B4731300335FD2 /* TFY_LoadingView.h */ = {isa = PBXFileReference; lastKnownFileType = sourcecode.c.h; path = TFY_LoadingView.h; sourceTree = "<group>"; };
		36768A3425B4731300335FD2 /* TFY_LoadingView.m */ = {isa = PBXFileReference; lastKnownFileType = sourcecode.c.objc; path = TFY_LoadingView.m; sourceTree = "<group>"; };
		36768A3C25B473EE00335FD2 /* TFY_SheetPicker.h */ = {isa = PBXFileReference; lastKnownFileType = sourcecode.c.h; path = TFY_SheetPicker.h; sourceTree = "<group>"; };
		36768A3D25B473EE00335FD2 /* TFY_SheetPicker.m */ = {isa = PBXFileReference; lastKnownFileType = sourcecode.c.objc; path = TFY_SheetPicker.m; sourceTree = "<group>"; };
		36768A4225B474FA00335FD2 /* TFY_PopoverMenuController.h */ = {isa = PBXFileReference; lastKnownFileType = sourcecode.c.h; path = TFY_PopoverMenuController.h; sourceTree = "<group>"; };
		36768A4325B474FA00335FD2 /* TFY_PopoverMenuController.m */ = {isa = PBXFileReference; lastKnownFileType = sourcecode.c.objc; path = TFY_PopoverMenuController.m; sourceTree = "<group>"; };
		36768A4825B4752E00335FD2 /* TFY_Section.h */ = {isa = PBXFileReference; lastKnownFileType = sourcecode.c.h; path = TFY_Section.h; sourceTree = "<group>"; };
		36768A4925B4752E00335FD2 /* TFY_Section.m */ = {isa = PBXFileReference; lastKnownFileType = sourcecode.c.objc; path = TFY_Section.m; sourceTree = "<group>"; };
		36768A5625B475E300335FD2 /* TFY_CodeViewConroller.h */ = {isa = PBXFileReference; lastKnownFileType = sourcecode.c.h; path = TFY_CodeViewConroller.h; sourceTree = "<group>"; };
		36768A5725B475E300335FD2 /* TFY_CodeViewConroller.m */ = {isa = PBXFileReference; lastKnownFileType = sourcecode.c.objc; path = TFY_CodeViewConroller.m; sourceTree = "<group>"; };
		36768A6425B47B3400335FD2 /* TFY_RegisterInteractiveController.h */ = {isa = PBXFileReference; lastKnownFileType = sourcecode.c.h; path = TFY_RegisterInteractiveController.h; sourceTree = "<group>"; };
		36768A6525B47B3400335FD2 /* TFY_RegisterInteractiveController.m */ = {isa = PBXFileReference; lastKnownFileType = sourcecode.c.objc; path = TFY_RegisterInteractiveController.m; sourceTree = "<group>"; };
		36768A6A25B47BA900335FD2 /* TFY_TestViewController.h */ = {isa = PBXFileReference; lastKnownFileType = sourcecode.c.h; path = TFY_TestViewController.h; sourceTree = "<group>"; };
		36768A6B25B47BA900335FD2 /* TFY_TestViewController.m */ = {isa = PBXFileReference; lastKnownFileType = sourcecode.c.objc; path = TFY_TestViewController.m; sourceTree = "<group>"; };
		36768A7025B47BE200335FD2 /* TFY_TestView.h */ = {isa = PBXFileReference; lastKnownFileType = sourcecode.c.h; path = TFY_TestView.h; sourceTree = "<group>"; };
		36768A7125B47BE200335FD2 /* TFY_TestView.m */ = {isa = PBXFileReference; lastKnownFileType = sourcecode.c.objc; path = TFY_TestView.m; sourceTree = "<group>"; };
		36768A7625B47E0200335FD2 /* TFY_NavTransitionMenuController.h */ = {isa = PBXFileReference; lastKnownFileType = sourcecode.c.h; path = TFY_NavTransitionMenuController.h; sourceTree = "<group>"; };
		36768A7725B47E0200335FD2 /* TFY_NavTransitionMenuController.m */ = {isa = PBXFileReference; lastKnownFileType = sourcecode.c.objc; path = TFY_NavTransitionMenuController.m; sourceTree = "<group>"; };
		36768A7C25B47E2C00335FD2 /* TFY_FirstTableController.h */ = {isa = PBXFileReference; lastKnownFileType = sourcecode.c.h; path = TFY_FirstTableController.h; sourceTree = "<group>"; };
		36768A7D25B47E2C00335FD2 /* TFY_FirstTableController.m */ = {isa = PBXFileReference; lastKnownFileType = sourcecode.c.objc; path = TFY_FirstTableController.m; sourceTree = "<group>"; };
		36768A8225B47E5100335FD2 /* TFY_ModalFirstController.h */ = {isa = PBXFileReference; lastKnownFileType = sourcecode.c.h; path = TFY_ModalFirstController.h; sourceTree = "<group>"; };
		36768A8325B47E5100335FD2 /* TFY_ModalFirstController.m */ = {isa = PBXFileReference; lastKnownFileType = sourcecode.c.objc; path = TFY_ModalFirstController.m; sourceTree = "<group>"; };
		36768A8825B47ECB00335FD2 /* TFY_AppStoreListController.h */ = {isa = PBXFileReference; lastKnownFileType = sourcecode.c.h; path = TFY_AppStoreListController.h; sourceTree = "<group>"; };
		36768A8925B47ECB00335FD2 /* TFY_AppStoreListController.m */ = {isa = PBXFileReference; lastKnownFileType = sourcecode.c.objc; path = TFY_AppStoreListController.m; sourceTree = "<group>"; };
		36768A8E25B47EF000335FD2 /* TFY_AppStoreCardCell.h */ = {isa = PBXFileReference; lastKnownFileType = sourcecode.c.h; path = TFY_AppStoreCardCell.h; sourceTree = "<group>"; };
		36768A8F25B47EF000335FD2 /* TFY_AppStoreCardCell.m */ = {isa = PBXFileReference; lastKnownFileType = sourcecode.c.objc; path = TFY_AppStoreCardCell.m; sourceTree = "<group>"; };
		36768A9425B47F3200335FD2 /* TFY_AppStoreCardAmiator.h */ = {isa = PBXFileReference; lastKnownFileType = sourcecode.c.h; path = TFY_AppStoreCardAmiator.h; sourceTree = "<group>"; };
		36768A9525B47F3200335FD2 /* TFY_AppStoreCardAmiator.m */ = {isa = PBXFileReference; lastKnownFileType = sourcecode.c.objc; path = TFY_AppStoreCardAmiator.m; sourceTree = "<group>"; };
		36768A9A25B47F8600335FD2 /* TFY_AppStoreDetialController.h */ = {isa = PBXFileReference; lastKnownFileType = sourcecode.c.h; path = TFY_AppStoreDetialController.h; sourceTree = "<group>"; };
		36768A9B25B47F8600335FD2 /* TFY_AppStoreDetialController.m */ = {isa = PBXFileReference; lastKnownFileType = sourcecode.c.objc; path = TFY_AppStoreDetialController.m; sourceTree = "<group>"; };
		36768AA025B482CE00335FD2 /* TFY_ModalMenuController.h */ = {isa = PBXFileReference; lastKnownFileType = sourcecode.c.h; path = TFY_ModalMenuController.h; sourceTree = "<group>"; };
		36768AA125B482CE00335FD2 /* TFY_ModalMenuController.m */ = {isa = PBXFileReference; lastKnownFileType = sourcecode.c.objc; path = TFY_ModalMenuController.m; sourceTree = "<group>"; };
		36B7CE5A25B443D5005D81DF /* TFY_Transitions.app */ = {isa = PBXFileReference; explicitFileType = wrapper.application; includeInIndex = 0; path = TFY_Transitions.app; sourceTree = BUILT_PRODUCTS_DIR; };
		36B7CE6925B443D6005D81DF /* Assets.xcassets */ = {isa = PBXFileReference; lastKnownFileType = folder.assetcatalog; path = Assets.xcassets; sourceTree = "<group>"; };
		36B7CE6C25B443D6005D81DF /* Base */ = {isa = PBXFileReference; lastKnownFileType = file.storyboard; name = Base; path = Base.lproj/LaunchScreen.storyboard; sourceTree = "<group>"; };
		36B7CE6E25B443D6005D81DF /* Info.plist */ = {isa = PBXFileReference; lastKnownFileType = text.plist.xml; path = Info.plist; sourceTree = "<group>"; };
		36B7CE6F25B443D6005D81DF /* main.m */ = {isa = PBXFileReference; lastKnownFileType = sourcecode.c.objc; path = main.m; sourceTree = "<group>"; };
		36B7CE7525B443D6005D81DF /* TFY_TransitionsTests.xctest */ = {isa = PBXFileReference; explicitFileType = wrapper.cfbundle; includeInIndex = 0; path = TFY_TransitionsTests.xctest; sourceTree = BUILT_PRODUCTS_DIR; };
		36B7CE7925B443D6005D81DF /* TFY_TransitionsTests.m */ = {isa = PBXFileReference; lastKnownFileType = sourcecode.c.objc; path = TFY_TransitionsTests.m; sourceTree = "<group>"; };
		36B7CE7B25B443D6005D81DF /* Info.plist */ = {isa = PBXFileReference; lastKnownFileType = text.plist.xml; path = Info.plist; sourceTree = "<group>"; };
		36B7CE8025B443D6005D81DF /* TFY_TransitionsUITests.xctest */ = {isa = PBXFileReference; explicitFileType = wrapper.cfbundle; includeInIndex = 0; path = TFY_TransitionsUITests.xctest; sourceTree = BUILT_PRODUCTS_DIR; };
		36B7CE8425B443D6005D81DF /* TFY_TransitionsUITests.m */ = {isa = PBXFileReference; lastKnownFileType = sourcecode.c.objc; path = TFY_TransitionsUITests.m; sourceTree = "<group>"; };
		36B7CE8625B443D6005D81DF /* Info.plist */ = {isa = PBXFileReference; lastKnownFileType = text.plist.xml; path = Info.plist; sourceTree = "<group>"; };
		36B7CE9925B44640005D81DF /* TFY_TransitionsKit.h */ = {isa = PBXFileReference; lastKnownFileType = sourcecode.c.h; path = TFY_TransitionsKit.h; sourceTree = "<group>"; };
		36B7CE9D25B446E3005D81DF /* TFY_Config.h */ = {isa = PBXFileReference; lastKnownFileType = sourcecode.c.h; path = TFY_Config.h; sourceTree = "<group>"; };
		36B7CE9E25B4486C005D81DF /* TFY_PopTransitVC.h */ = {isa = PBXFileReference; lastKnownFileType = sourcecode.c.h; path = TFY_PopTransitVC.h; sourceTree = "<group>"; };
		36B7CE9F25B4486C005D81DF /* TFY_PopTransitVC.m */ = {isa = PBXFileReference; lastKnownFileType = sourcecode.c.objc; path = TFY_PopTransitVC.m; sourceTree = "<group>"; };
		36B7CEA725B448EC005D81DF /* TFY_PresentationVC.h */ = {isa = PBXFileReference; lastKnownFileType = sourcecode.c.h; path = TFY_PresentationVC.h; sourceTree = "<group>"; };
		36B7CEA825B448EC005D81DF /* TFY_PresentationVC.m */ = {isa = PBXFileReference; lastKnownFileType = sourcecode.c.objc; path = TFY_PresentationVC.m; sourceTree = "<group>"; };
		36B7CEB025B44DB4005D81DF /* TFY_TransitFunction.h */ = {isa = PBXFileReference; lastKnownFileType = sourcecode.c.h; path = TFY_TransitFunction.h; sourceTree = "<group>"; };
		36B7CEB125B44DB4005D81DF /* TFY_TransitFunction.m */ = {isa = PBXFileReference; lastKnownFileType = sourcecode.c.objc; path = TFY_TransitFunction.m; sourceTree = "<group>"; };
		36B7CEB625B4507C005D81DF /* TFY_AnimatorProtocol.h */ = {isa = PBXFileReference; lastKnownFileType = sourcecode.c.h; path = TFY_AnimatorProtocol.h; sourceTree = "<group>"; };
		36B7CEBA25B450FD005D81DF /* TFY_Animator.h */ = {isa = PBXFileReference; lastKnownFileType = sourcecode.c.h; path = TFY_Animator.h; sourceTree = "<group>"; };
		36B7CEBB25B450FD005D81DF /* TFY_Animator.m */ = {isa = PBXFileReference; lastKnownFileType = sourcecode.c.objc; path = TFY_Animator.m; sourceTree = "<group>"; };
		36B7CEC025B452BC005D81DF /* TFY_AnimatorTemplate.h */ = {isa = PBXFileReference; lastKnownFileType = sourcecode.c.h; path = TFY_AnimatorTemplate.h; sourceTree = "<group>"; };
		36B7CEC125B452BC005D81DF /* TFY_AnimatorTemplate.m */ = {isa = PBXFileReference; lastKnownFileType = sourcecode.c.objc; path = TFY_AnimatorTemplate.m; sourceTree = "<group>"; };
		36B7CEC625B453A7005D81DF /* TFY_CATransitonAnimator.h */ = {isa = PBXFileReference; lastKnownFileType = sourcecode.c.h; path = TFY_CATransitonAnimator.h; sourceTree = "<group>"; };
		36B7CEC725B453A7005D81DF /* TFY_CATransitonAnimator.m */ = {isa = PBXFileReference; lastKnownFileType = sourcecode.c.objc; path = TFY_CATransitonAnimator.m; sourceTree = "<group>"; };
		36B7CECC25B45490005D81DF /* TFY_CustomAnimator.h */ = {isa = PBXFileReference; lastKnownFileType = sourcecode.c.h; path = TFY_CustomAnimator.h; sourceTree = "<group>"; };
		36B7CECD25B45490005D81DF /* TFY_CustomAnimator.m */ = {isa = PBXFileReference; lastKnownFileType = sourcecode.c.objc; path = TFY_CustomAnimator.m; sourceTree = "<group>"; };
		36B7CED225B45515005D81DF /* TFY_SwipeAnimator.h */ = {isa = PBXFileReference; lastKnownFileType = sourcecode.c.h; path = TFY_SwipeAnimator.h; sourceTree = "<group>"; };
		36B7CED325B45515005D81DF /* TFY_SwipeAnimator.m */ = {isa = PBXFileReference; lastKnownFileType = sourcecode.c.objc; path = TFY_SwipeAnimator.m; sourceTree = "<group>"; };
		36B7CED825B455C6005D81DF /* TFY_SystemAnimator.h */ = {isa = PBXFileReference; lastKnownFileType = sourcecode.c.h; path = TFY_SystemAnimator.h; sourceTree = "<group>"; };
		36B7CED925B455C6005D81DF /* TFY_SystemAnimator.m */ = {isa = PBXFileReference; lastKnownFileType = sourcecode.c.objc; path = TFY_SystemAnimator.m; sourceTree = "<group>"; };
		36B7CEE725B457D3005D81DF /* TFY_TransitionDelegate.m */ = {isa = PBXFileReference; fileEncoding = 4; lastKnownFileType = sourcecode.c.objc; path = TFY_TransitionDelegate.m; sourceTree = "<group>"; };
		36B7CEE825B457D3005D81DF /* TFY_TransitionDelegate.h */ = {isa = PBXFileReference; fileEncoding = 4; lastKnownFileType = sourcecode.c.h; path = TFY_TransitionDelegate.h; sourceTree = "<group>"; };
		36B7CEED25B4580D005D81DF /* TFY_PercentDrivenInteractiveTransition.h */ = {isa = PBXFileReference; lastKnownFileType = sourcecode.c.h; path = TFY_PercentDrivenInteractiveTransition.h; sourceTree = "<group>"; };
		36B7CEEE25B4580D005D81DF /* TFY_PercentDrivenInteractiveTransition.m */ = {isa = PBXFileReference; lastKnownFileType = sourcecode.c.objc; path = TFY_PercentDrivenInteractiveTransition.m; sourceTree = "<group>"; };
		36B7CEF325B45892005D81DF /* UIViewController+Transitioning.h */ = {isa = PBXFileReference; lastKnownFileType = sourcecode.c.h; path = "UIViewController+Transitioning.h"; sourceTree = "<group>"; };
		36B7CEF425B45892005D81DF /* UIViewController+Transitioning.m */ = {isa = PBXFileReference; lastKnownFileType = sourcecode.c.objc; path = "UIViewController+Transitioning.m"; sourceTree = "<group>"; };
		36B7CEF925B45A90005D81DF /* TFY_ScreenEdgePanGestureRecognizer.h */ = {isa = PBXFileReference; lastKnownFileType = sourcecode.c.h; path = TFY_ScreenEdgePanGestureRecognizer.h; sourceTree = "<group>"; };
		36B7CEFA25B45A90005D81DF /* TFY_ScreenEdgePanGestureRecognizer.m */ = {isa = PBXFileReference; lastKnownFileType = sourcecode.c.objc; path = TFY_ScreenEdgePanGestureRecognizer.m; sourceTree = "<group>"; };
		36B7CF0025B45FAA005D81DF /* AppDelegate.h */ = {isa = PBXFileReference; fileEncoding = 4; lastKnownFileType = sourcecode.c.h; path = AppDelegate.h; sourceTree = "<group>"; };
		36B7CF0225B45FAA005D81DF /* AppDelegate.m */ = {isa = PBXFileReference; fileEncoding = 4; lastKnownFileType = sourcecode.c.objc; path = AppDelegate.m; sourceTree = "<group>"; };
/* End PBXFileReference section */

/* Begin PBXFrameworksBuildPhase section */
		36B7CE5725B443D5005D81DF /* Frameworks */ = {
			isa = PBXFrameworksBuildPhase;
			buildActionMask = 2147483647;
			files = (
			);
			runOnlyForDeploymentPostprocessing = 0;
		};
		36B7CE7225B443D6005D81DF /* Frameworks */ = {
			isa = PBXFrameworksBuildPhase;
			buildActionMask = 2147483647;
			files = (
			);
			runOnlyForDeploymentPostprocessing = 0;
		};
		36B7CE7D25B443D6005D81DF /* Frameworks */ = {
			isa = PBXFrameworksBuildPhase;
			buildActionMask = 2147483647;
			files = (
			);
			runOnlyForDeploymentPostprocessing = 0;
		};
/* End PBXFrameworksBuildPhase section */

/* Begin PBXGroup section */
		36768A2A25B469F500335FD2 /* PCH */ = {
			isa = PBXGroup;
			children = (
				36768A2B25B46A1900335FD2 /* TFY_PrefixHeader.pch */,
			);
			path = PCH;
			sourceTree = "<group>";
		};
		36768A2F25B46ACB00335FD2 /* NavTranbit */ = {
			isa = PBXGroup;
			children = (
				36768A7625B47E0200335FD2 /* TFY_NavTransitionMenuController.h */,
				36768A7725B47E0200335FD2 /* TFY_NavTransitionMenuController.m */,
				36768A7C25B47E2C00335FD2 /* TFY_FirstTableController.h */,
				36768A7D25B47E2C00335FD2 /* TFY_FirstTableController.m */,
			);
			path = NavTranbit;
			sourceTree = "<group>";
		};
		36768A3025B46ACB00335FD2 /* TrabsitVC */ = {
			isa = PBXGroup;
			children = (
				36768A8225B47E5100335FD2 /* TFY_ModalFirstController.h */,
				36768A8325B47E5100335FD2 /* TFY_ModalFirstController.m */,
				36768A8825B47ECB00335FD2 /* TFY_AppStoreListController.h */,
				36768A8925B47ECB00335FD2 /* TFY_AppStoreListController.m */,
				36768A8E25B47EF000335FD2 /* TFY_AppStoreCardCell.h */,
				36768A8F25B47EF000335FD2 /* TFY_AppStoreCardCell.m */,
				36768A9425B47F3200335FD2 /* TFY_AppStoreCardAmiator.h */,
				36768A9525B47F3200335FD2 /* TFY_AppStoreCardAmiator.m */,
				36768A9A25B47F8600335FD2 /* TFY_AppStoreDetialController.h */,
				36768A9B25B47F8600335FD2 /* TFY_AppStoreDetialController.m */,
				36768AA025B482CE00335FD2 /* TFY_ModalMenuController.h */,
				36768AA125B482CE00335FD2 /* TFY_ModalMenuController.m */,
			);
			path = TrabsitVC;
			sourceTree = "<group>";
		};
		36768A3125B46ACB00335FD2 /* Common */ = {
			isa = PBXGroup;
			children = (
				36768A4825B4752E00335FD2 /* TFY_Section.h */,
				36768A4925B4752E00335FD2 /* TFY_Section.m */,
				3610A34C25B8521F005A27DE /* TFY_WheelTableViewCell.h */,
				3610A34D25B8521F005A27DE /* TFY_WheelTableViewCell.m */,
				36768A5625B475E300335FD2 /* TFY_CodeViewConroller.h */,
				36768A5725B475E300335FD2 /* TFY_CodeViewConroller.m */,
				36768A6425B47B3400335FD2 /* TFY_RegisterInteractiveController.h */,
				36768A6525B47B3400335FD2 /* TFY_RegisterInteractiveController.m */,
				36768A6A25B47BA900335FD2 /* TFY_TestViewController.h */,
				36768A6B25B47BA900335FD2 /* TFY_TestViewController.m */,
				36768A7025B47BE200335FD2 /* TFY_TestView.h */,
				36768A7125B47BE200335FD2 /* TFY_TestView.m */,
				3610A35825B85D13005A27DE /* TFY_SecondViewController.h */,
				3610A35925B85D13005A27DE /* TFY_SecondViewController.m */,
			);
			path = Common;
			sourceTree = "<group>";
		};
		36768A3225B472DA00335FD2 /* Popover */ = {
			isa = PBXGroup;
			children = (
				36768A3325B4731300335FD2 /* TFY_LoadingView.h */,
				36768A3425B4731300335FD2 /* TFY_LoadingView.m */,
				36768A3C25B473EE00335FD2 /* TFY_SheetPicker.h */,
				36768A3D25B473EE00335FD2 /* TFY_SheetPicker.m */,
				36768A4225B474FA00335FD2 /* TFY_PopoverMenuController.h */,
				36768A4325B474FA00335FD2 /* TFY_PopoverMenuController.m */,
			);
			path = Popover;
			sourceTree = "<group>";
		};
		36B7CE5125B443D5005D81DF = {
			isa = PBXGroup;
			children = (
				36B7CE5C25B443D5005D81DF /* TFY_Transitions */,
				36B7CE7825B443D6005D81DF /* TFY_TransitionsTests */,
				36B7CE8325B443D6005D81DF /* TFY_TransitionsUITests */,
				36B7CE5B25B443D5005D81DF /* Products */,
			);
			sourceTree = "<group>";
		};
		36B7CE5B25B443D5005D81DF /* Products */ = {
			isa = PBXGroup;
			children = (
				36B7CE5A25B443D5005D81DF /* TFY_Transitions.app */,
				36B7CE7525B443D6005D81DF /* TFY_TransitionsTests.xctest */,
				36B7CE8025B443D6005D81DF /* TFY_TransitionsUITests.xctest */,
			);
			name = Products;
			sourceTree = "<group>";
		};
		36B7CE5C25B443D5005D81DF /* TFY_Transitions */ = {
			isa = PBXGroup;
			children = (
				36768A2A25B469F500335FD2 /* PCH */,
				36B7CE9525B44623005D81DF /* TFY_TransitionsKit */,
				36B7CEFF25B45FAA005D81DF /* TFY_AppDelegate */,
				36B7CF0425B45FAA005D81DF /* TFY_Demo */,
				36B7CE6925B443D6005D81DF /* Assets.xcassets */,
				36B7CE6B25B443D6005D81DF /* LaunchScreen.storyboard */,
				36B7CE6E25B443D6005D81DF /* Info.plist */,
				36B7CE6F25B443D6005D81DF /* main.m */,
			);
			path = TFY_Transitions;
			sourceTree = "<group>";
		};
		36B7CE7825B443D6005D81DF /* TFY_TransitionsTests */ = {
			isa = PBXGroup;
			children = (
				36B7CE7925B443D6005D81DF /* TFY_TransitionsTests.m */,
				36B7CE7B25B443D6005D81DF /* Info.plist */,
			);
			path = TFY_TransitionsTests;
			sourceTree = "<group>";
		};
		36B7CE8325B443D6005D81DF /* TFY_TransitionsUITests */ = {
			isa = PBXGroup;
			children = (
				36B7CE8425B443D6005D81DF /* TFY_TransitionsUITests.m */,
				36B7CE8625B443D6005D81DF /* Info.plist */,
			);
			path = TFY_TransitionsUITests;
			sourceTree = "<group>";
		};
		36B7CE9525B44623005D81DF /* TFY_TransitionsKit */ = {
			isa = PBXGroup;
			children = (
				36B7CE9925B44640005D81DF /* TFY_TransitionsKit.h */,
				36B7CE9625B44623005D81DF /* Transition */,
				36B7CE9725B44623005D81DF /* Config */,
				36B7CE9825B44623005D81DF /* Animator */,
			);
			path = TFY_TransitionsKit;
			sourceTree = "<group>";
		};
		36B7CE9625B44623005D81DF /* Transition */ = {
			isa = PBXGroup;
			children = (
				36B7CEE825B457D3005D81DF /* TFY_TransitionDelegate.h */,
				36B7CEE725B457D3005D81DF /* TFY_TransitionDelegate.m */,
				36B7CEED25B4580D005D81DF /* TFY_PercentDrivenInteractiveTransition.h */,
				36B7CEEE25B4580D005D81DF /* TFY_PercentDrivenInteractiveTransition.m */,
				36B7CEF325B45892005D81DF /* UIViewController+Transitioning.h */,
				36B7CEF425B45892005D81DF /* UIViewController+Transitioning.m */,
				36B7CEF925B45A90005D81DF /* TFY_ScreenEdgePanGestureRecognizer.h */,
				36B7CEFA25B45A90005D81DF /* TFY_ScreenEdgePanGestureRecognizer.m */,
			);
			path = Transition;
			sourceTree = "<group>";
		};
		36B7CE9725B44623005D81DF /* Config */ = {
			isa = PBXGroup;
			children = (
				36B7CE9D25B446E3005D81DF /* TFY_Config.h */,
				36B7CE9E25B4486C005D81DF /* TFY_PopTransitVC.h */,
				36B7CE9F25B4486C005D81DF /* TFY_PopTransitVC.m */,
				36B7CEA725B448EC005D81DF /* TFY_PresentationVC.h */,
				36B7CEA825B448EC005D81DF /* TFY_PresentationVC.m */,
				36B7CEB025B44DB4005D81DF /* TFY_TransitFunction.h */,
				36B7CEB125B44DB4005D81DF /* TFY_TransitFunction.m */,
			);
			path = Config;
			sourceTree = "<group>";
		};
		36B7CE9825B44623005D81DF /* Animator */ = {
			isa = PBXGroup;
			children = (
				36B7CEB625B4507C005D81DF /* TFY_AnimatorProtocol.h */,
				36B7CEBA25B450FD005D81DF /* TFY_Animator.h */,
				36B7CEBB25B450FD005D81DF /* TFY_Animator.m */,
				36B7CEC025B452BC005D81DF /* TFY_AnimatorTemplate.h */,
				36B7CEC125B452BC005D81DF /* TFY_AnimatorTemplate.m */,
				36B7CEC625B453A7005D81DF /* TFY_CATransitonAnimator.h */,
				36B7CEC725B453A7005D81DF /* TFY_CATransitonAnimator.m */,
				36B7CECC25B45490005D81DF /* TFY_CustomAnimator.h */,
				36B7CECD25B45490005D81DF /* TFY_CustomAnimator.m */,
				36B7CED225B45515005D81DF /* TFY_SwipeAnimator.h */,
				36B7CED325B45515005D81DF /* TFY_SwipeAnimator.m */,
				36B7CED825B455C6005D81DF /* TFY_SystemAnimator.h */,
				36B7CED925B455C6005D81DF /* TFY_SystemAnimator.m */,
			);
			path = Animator;
			sourceTree = "<group>";
		};
		36B7CEFF25B45FAA005D81DF /* TFY_AppDelegate */ = {
			isa = PBXGroup;
			children = (
				36B7CF0025B45FAA005D81DF /* AppDelegate.h */,
				36B7CF0225B45FAA005D81DF /* AppDelegate.m */,
			);
			path = TFY_AppDelegate;
			sourceTree = "<group>";
		};
		36B7CF0425B45FAA005D81DF /* TFY_Demo */ = {
			isa = PBXGroup;
			children = (
				36768A3225B472DA00335FD2 /* Popover */,
				36768A3125B46ACB00335FD2 /* Common */,
				36768A2F25B46ACB00335FD2 /* NavTranbit */,
				36768A3025B46ACB00335FD2 /* TrabsitVC */,
			);
			path = TFY_Demo;
			sourceTree = "<group>";
		};
/* End PBXGroup section */

/* Begin PBXNativeTarget section */
		36B7CE5925B443D5005D81DF /* TFY_Transitions */ = {
			isa = PBXNativeTarget;
			buildConfigurationList = 36B7CE8925B443D6005D81DF /* Build configuration list for PBXNativeTarget "TFY_Transitions" */;
			buildPhases = (
				36B7CE5625B443D5005D81DF /* Sources */,
				36B7CE5725B443D5005D81DF /* Frameworks */,
				36B7CE5825B443D5005D81DF /* Resources */,
			);
			buildRules = (
			);
			dependencies = (
			);
			name = TFY_Transitions;
			productName = TFY_Transitions;
			productReference = 36B7CE5A25B443D5005D81DF /* TFY_Transitions.app */;
			productType = "com.apple.product-type.application";
		};
		36B7CE7425B443D6005D81DF /* TFY_TransitionsTests */ = {
			isa = PBXNativeTarget;
			buildConfigurationList = 36B7CE8C25B443D6005D81DF /* Build configuration list for PBXNativeTarget "TFY_TransitionsTests" */;
			buildPhases = (
				36B7CE7125B443D6005D81DF /* Sources */,
				36B7CE7225B443D6005D81DF /* Frameworks */,
				36B7CE7325B443D6005D81DF /* Resources */,
			);
			buildRules = (
			);
			dependencies = (
				36B7CE7725B443D6005D81DF /* PBXTargetDependency */,
			);
			name = TFY_TransitionsTests;
			productName = TFY_TransitionsTests;
			productReference = 36B7CE7525B443D6005D81DF /* TFY_TransitionsTests.xctest */;
			productType = "com.apple.product-type.bundle.unit-test";
		};
		36B7CE7F25B443D6005D81DF /* TFY_TransitionsUITests */ = {
			isa = PBXNativeTarget;
			buildConfigurationList = 36B7CE8F25B443D6005D81DF /* Build configuration list for PBXNativeTarget "TFY_TransitionsUITests" */;
			buildPhases = (
				36B7CE7C25B443D6005D81DF /* Sources */,
				36B7CE7D25B443D6005D81DF /* Frameworks */,
				36B7CE7E25B443D6005D81DF /* Resources */,
			);
			buildRules = (
			);
			dependencies = (
				36B7CE8225B443D6005D81DF /* PBXTargetDependency */,
			);
			name = TFY_TransitionsUITests;
			productName = TFY_TransitionsUITests;
			productReference = 36B7CE8025B443D6005D81DF /* TFY_TransitionsUITests.xctest */;
			productType = "com.apple.product-type.bundle.ui-testing";
		};
/* End PBXNativeTarget section */

/* Begin PBXProject section */
		36B7CE5225B443D5005D81DF /* Project object */ = {
			isa = PBXProject;
			attributes = {
				LastUpgradeCheck = 1230;
				TargetAttributes = {
					36B7CE5925B443D5005D81DF = {
						CreatedOnToolsVersion = 12.3;
					};
					36B7CE7425B443D6005D81DF = {
						CreatedOnToolsVersion = 12.3;
						TestTargetID = 36B7CE5925B443D5005D81DF;
					};
					36B7CE7F25B443D6005D81DF = {
						CreatedOnToolsVersion = 12.3;
						TestTargetID = 36B7CE5925B443D5005D81DF;
					};
				};
			};
			buildConfigurationList = 36B7CE5525B443D5005D81DF /* Build configuration list for PBXProject "TFY_Transitions" */;
			compatibilityVersion = "Xcode 9.3";
			developmentRegion = en;
			hasScannedForEncodings = 0;
			knownRegions = (
				en,
				Base,
			);
			mainGroup = 36B7CE5125B443D5005D81DF;
			productRefGroup = 36B7CE5B25B443D5005D81DF /* Products */;
			projectDirPath = "";
			projectRoot = "";
			targets = (
				36B7CE5925B443D5005D81DF /* TFY_Transitions */,
				36B7CE7425B443D6005D81DF /* TFY_TransitionsTests */,
				36B7CE7F25B443D6005D81DF /* TFY_TransitionsUITests */,
			);
		};
/* End PBXProject section */

/* Begin PBXResourcesBuildPhase section */
		36B7CE5825B443D5005D81DF /* Resources */ = {
			isa = PBXResourcesBuildPhase;
			buildActionMask = 2147483647;
			files = (
				36B7CE6D25B443D6005D81DF /* LaunchScreen.storyboard in Resources */,
				36B7CE6A25B443D6005D81DF /* Assets.xcassets in Resources */,
			);
			runOnlyForDeploymentPostprocessing = 0;
		};
		36B7CE7325B443D6005D81DF /* Resources */ = {
			isa = PBXResourcesBuildPhase;
			buildActionMask = 2147483647;
			files = (
			);
			runOnlyForDeploymentPostprocessing = 0;
		};
		36B7CE7E25B443D6005D81DF /* Resources */ = {
			isa = PBXResourcesBuildPhase;
			buildActionMask = 2147483647;
			files = (
			);
			runOnlyForDeploymentPostprocessing = 0;
		};
/* End PBXResourcesBuildPhase section */

/* Begin PBXSourcesBuildPhase section */
		36B7CE5625B443D5005D81DF /* Sources */ = {
			isa = PBXSourcesBuildPhase;
			buildActionMask = 2147483647;
			files = (
				36768A6625B47B3400335FD2 /* TFY_RegisterInteractiveController.m in Sources */,
				36B7CF0925B45FAA005D81DF /* AppDelegate.m in Sources */,
				36768A8425B47E5100335FD2 /* TFY_ModalFirstController.m in Sources */,
				36B7CEA025B4486C005D81DF /* TFY_PopTransitVC.m in Sources */,
				36768A4A25B4752E00335FD2 /* TFY_Section.m in Sources */,
				36768A3E25B473EE00335FD2 /* TFY_SheetPicker.m in Sources */,
				36768A9C25B47F8600335FD2 /* TFY_AppStoreDetialController.m in Sources */,
				36B7CEE925B457D3005D81DF /* TFY_TransitionDelegate.m in Sources */,
				36768A3525B4731300335FD2 /* TFY_LoadingView.m in Sources */,
				36B7CEFB25B45A90005D81DF /* TFY_ScreenEdgePanGestureRecognizer.m in Sources */,
				36768A8A25B47ECB00335FD2 /* TFY_AppStoreListController.m in Sources */,
				36768AA225B482CE00335FD2 /* TFY_ModalMenuController.m in Sources */,
				36B7CEC225B452BC005D81DF /* TFY_AnimatorTemplate.m in Sources */,
				36768A9025B47EF000335FD2 /* TFY_AppStoreCardCell.m in Sources */,
				36B7CE7025B443D6005D81DF /* main.m in Sources */,
				36B7CEB225B44DB4005D81DF /* TFY_TransitFunction.m in Sources */,
				3610A35A25B85D13005A27DE /* TFY_SecondViewController.m in Sources */,
				36B7CEA925B448EC005D81DF /* TFY_PresentationVC.m in Sources */,
				36B7CEF525B45892005D81DF /* UIViewController+Transitioning.m in Sources */,
				36B7CEBC25B450FD005D81DF /* TFY_Animator.m in Sources */,
				36768A7E25B47E2C00335FD2 /* TFY_FirstTableController.m in Sources */,
				36768A4425B474FA00335FD2 /* TFY_PopoverMenuController.m in Sources */,
				36B7CEEF25B4580D005D81DF /* TFY_PercentDrivenInteractiveTransition.m in Sources */,
				36768A5825B475E300335FD2 /* TFY_CodeViewConroller.m in Sources */,
				36768A9625B47F3200335FD2 /* TFY_AppStoreCardAmiator.m in Sources */,
				36768A7825B47E0200335FD2 /* TFY_NavTransitionMenuController.m in Sources */,
				36B7CECE25B45490005D81DF /* TFY_CustomAnimator.m in Sources */,
				36768A6C25B47BA900335FD2 /* TFY_TestViewController.m in Sources */,
				36B7CEDA25B455C6005D81DF /* TFY_SystemAnimator.m in Sources */,
				36B7CEC825B453A7005D81DF /* TFY_CATransitonAnimator.m in Sources */,
				36768A7225B47BE200335FD2 /* TFY_TestView.m in Sources */,
				3610A34E25B8521F005A27DE /* TFY_WheelTableViewCell.m in Sources */,
				36B7CED425B45515005D81DF /* TFY_SwipeAnimator.m in Sources */,
			);
			runOnlyForDeploymentPostprocessing = 0;
		};
		36B7CE7125B443D6005D81DF /* Sources */ = {
			isa = PBXSourcesBuildPhase;
			buildActionMask = 2147483647;
			files = (
				36B7CE7A25B443D6005D81DF /* TFY_TransitionsTests.m in Sources */,
			);
			runOnlyForDeploymentPostprocessing = 0;
		};
		36B7CE7C25B443D6005D81DF /* Sources */ = {
			isa = PBXSourcesBuildPhase;
			buildActionMask = 2147483647;
			files = (
				36B7CE8525B443D6005D81DF /* TFY_TransitionsUITests.m in Sources */,
			);
			runOnlyForDeploymentPostprocessing = 0;
		};
/* End PBXSourcesBuildPhase section */

/* Begin PBXTargetDependency section */
		36B7CE7725B443D6005D81DF /* PBXTargetDependency */ = {
			isa = PBXTargetDependency;
			target = 36B7CE5925B443D5005D81DF /* TFY_Transitions */;
			targetProxy = 36B7CE7625B443D6005D81DF /* PBXContainerItemProxy */;
		};
		36B7CE8225B443D6005D81DF /* PBXTargetDependency */ = {
			isa = PBXTargetDependency;
			target = 36B7CE5925B443D5005D81DF /* TFY_Transitions */;
			targetProxy = 36B7CE8125B443D6005D81DF /* PBXContainerItemProxy */;
		};
/* End PBXTargetDependency section */

/* Begin PBXVariantGroup section */
		36B7CE6B25B443D6005D81DF /* LaunchScreen.storyboard */ = {
			isa = PBXVariantGroup;
			children = (
				36B7CE6C25B443D6005D81DF /* Base */,
			);
			name = LaunchScreen.storyboard;
			sourceTree = "<group>";
		};
/* End PBXVariantGroup section */

/* Begin XCBuildConfiguration section */
		36B7CE8725B443D6005D81DF /* Debug */ = {
			isa = XCBuildConfiguration;
			buildSettings = {
				ALWAYS_SEARCH_USER_PATHS = NO;
				CLANG_ANALYZER_NONNULL = YES;
				CLANG_ANALYZER_NUMBER_OBJECT_CONVERSION = YES_AGGRESSIVE;
				CLANG_CXX_LANGUAGE_STANDARD = "gnu++14";
				CLANG_CXX_LIBRARY = "libc++";
				CLANG_ENABLE_MODULES = YES;
				CLANG_ENABLE_OBJC_ARC = YES;
				CLANG_ENABLE_OBJC_WEAK = YES;
				CLANG_WARN_BLOCK_CAPTURE_AUTORELEASING = YES;
				CLANG_WARN_BOOL_CONVERSION = YES;
				CLANG_WARN_COMMA = YES;
				CLANG_WARN_CONSTANT_CONVERSION = YES;
				CLANG_WARN_DEPRECATED_OBJC_IMPLEMENTATIONS = YES;
				CLANG_WARN_DIRECT_OBJC_ISA_USAGE = YES_ERROR;
				CLANG_WARN_DOCUMENTATION_COMMENTS = YES;
				CLANG_WARN_EMPTY_BODY = YES;
				CLANG_WARN_ENUM_CONVERSION = YES;
				CLANG_WARN_INFINITE_RECURSION = YES;
				CLANG_WARN_INT_CONVERSION = YES;
				CLANG_WARN_NON_LITERAL_NULL_CONVERSION = YES;
				CLANG_WARN_OBJC_IMPLICIT_RETAIN_SELF = YES;
				CLANG_WARN_OBJC_LITERAL_CONVERSION = YES;
				CLANG_WARN_OBJC_ROOT_CLASS = YES_ERROR;
				CLANG_WARN_QUOTED_INCLUDE_IN_FRAMEWORK_HEADER = YES;
				CLANG_WARN_RANGE_LOOP_ANALYSIS = YES;
				CLANG_WARN_STRICT_PROTOTYPES = YES;
				CLANG_WARN_SUSPICIOUS_MOVE = YES;
				CLANG_WARN_UNGUARDED_AVAILABILITY = YES_AGGRESSIVE;
				CLANG_WARN_UNREACHABLE_CODE = YES;
				CLANG_WARN__DUPLICATE_METHOD_MATCH = YES;
				COPY_PHASE_STRIP = NO;
				DEBUG_INFORMATION_FORMAT = dwarf;
				ENABLE_STRICT_OBJC_MSGSEND = YES;
				ENABLE_TESTABILITY = YES;
				GCC_C_LANGUAGE_STANDARD = gnu11;
				GCC_DYNAMIC_NO_PIC = NO;
				GCC_NO_COMMON_BLOCKS = YES;
				GCC_OPTIMIZATION_LEVEL = 0;
				GCC_PREPROCESSOR_DEFINITIONS = (
					"DEBUG=1",
					"$(inherited)",
				);
				GCC_WARN_64_TO_32_BIT_CONVERSION = YES;
				GCC_WARN_ABOUT_RETURN_TYPE = YES_ERROR;
				GCC_WARN_UNDECLARED_SELECTOR = YES;
				GCC_WARN_UNINITIALIZED_AUTOS = YES_AGGRESSIVE;
				GCC_WARN_UNUSED_FUNCTION = YES;
				GCC_WARN_UNUSED_VARIABLE = YES;
				IPHONEOS_DEPLOYMENT_TARGET = 14.3;
				MTL_ENABLE_DEBUG_INFO = INCLUDE_SOURCE;
				MTL_FAST_MATH = YES;
				ONLY_ACTIVE_ARCH = YES;
				SDKROOT = iphoneos;
			};
			name = Debug;
		};
		36B7CE8825B443D6005D81DF /* Release */ = {
			isa = XCBuildConfiguration;
			buildSettings = {
				ALWAYS_SEARCH_USER_PATHS = NO;
				CLANG_ANALYZER_NONNULL = YES;
				CLANG_ANALYZER_NUMBER_OBJECT_CONVERSION = YES_AGGRESSIVE;
				CLANG_CXX_LANGUAGE_STANDARD = "gnu++14";
				CLANG_CXX_LIBRARY = "libc++";
				CLANG_ENABLE_MODULES = YES;
				CLANG_ENABLE_OBJC_ARC = YES;
				CLANG_ENABLE_OBJC_WEAK = YES;
				CLANG_WARN_BLOCK_CAPTURE_AUTORELEASING = YES;
				CLANG_WARN_BOOL_CONVERSION = YES;
				CLANG_WARN_COMMA = YES;
				CLANG_WARN_CONSTANT_CONVERSION = YES;
				CLANG_WARN_DEPRECATED_OBJC_IMPLEMENTATIONS = YES;
				CLANG_WARN_DIRECT_OBJC_ISA_USAGE = YES_ERROR;
				CLANG_WARN_DOCUMENTATION_COMMENTS = YES;
				CLANG_WARN_EMPTY_BODY = YES;
				CLANG_WARN_ENUM_CONVERSION = YES;
				CLANG_WARN_INFINITE_RECURSION = YES;
				CLANG_WARN_INT_CONVERSION = YES;
				CLANG_WARN_NON_LITERAL_NULL_CONVERSION = YES;
				CLANG_WARN_OBJC_IMPLICIT_RETAIN_SELF = YES;
				CLANG_WARN_OBJC_LITERAL_CONVERSION = YES;
				CLANG_WARN_OBJC_ROOT_CLASS = YES_ERROR;
				CLANG_WARN_QUOTED_INCLUDE_IN_FRAMEWORK_HEADER = YES;
				CLANG_WARN_RANGE_LOOP_ANALYSIS = YES;
				CLANG_WARN_STRICT_PROTOTYPES = YES;
				CLANG_WARN_SUSPICIOUS_MOVE = YES;
				CLANG_WARN_UNGUARDED_AVAILABILITY = YES_AGGRESSIVE;
				CLANG_WARN_UNREACHABLE_CODE = YES;
				CLANG_WARN__DUPLICATE_METHOD_MATCH = YES;
				COPY_PHASE_STRIP = NO;
				DEBUG_INFORMATION_FORMAT = "dwarf-with-dsym";
				ENABLE_NS_ASSERTIONS = NO;
				ENABLE_STRICT_OBJC_MSGSEND = YES;
				GCC_C_LANGUAGE_STANDARD = gnu11;
				GCC_NO_COMMON_BLOCKS = YES;
				GCC_WARN_64_TO_32_BIT_CONVERSION = YES;
				GCC_WARN_ABOUT_RETURN_TYPE = YES_ERROR;
				GCC_WARN_UNDECLARED_SELECTOR = YES;
				GCC_WARN_UNINITIALIZED_AUTOS = YES_AGGRESSIVE;
				GCC_WARN_UNUSED_FUNCTION = YES;
				GCC_WARN_UNUSED_VARIABLE = YES;
				IPHONEOS_DEPLOYMENT_TARGET = 14.3;
				MTL_ENABLE_DEBUG_INFO = NO;
				MTL_FAST_MATH = YES;
				SDKROOT = iphoneos;
				VALIDATE_PRODUCT = YES;
			};
			name = Release;
		};
		36B7CE8A25B443D6005D81DF /* Debug */ = {
			isa = XCBuildConfiguration;
			buildSettings = {
				ASSETCATALOG_COMPILER_APPICON_NAME = AppIcon;
				ASSETCATALOG_COMPILER_GLOBAL_ACCENT_COLOR_NAME = AccentColor;
				CODE_SIGN_STYLE = Automatic;
				DEVELOPMENT_TEAM = QH95759TSS;
				GCC_PRECOMPILE_PREFIX_HEADER = YES;
				GCC_PREFIX_HEADER = TFY_Transitions/PCH/TFY_PrefixHeader.pch;
				INFOPLIST_FILE = TFY_Transitions/Info.plist;
				IPHONEOS_DEPLOYMENT_TARGET = 12.0;
				LD_RUNPATH_SEARCH_PATHS = (
					"$(inherited)",
					"@executable_path/Frameworks",
				);
				PRODUCT_BUNDLE_IDENTIFIER = "com.message.TFY-Transitions";
				PRODUCT_NAME = "$(TARGET_NAME)";
				TARGETED_DEVICE_FAMILY = "1,2";
			};
			name = Debug;
		};
		36B7CE8B25B443D6005D81DF /* Release */ = {
			isa = XCBuildConfiguration;
			buildSettings = {
				ASSETCATALOG_COMPILER_APPICON_NAME = AppIcon;
				ASSETCATALOG_COMPILER_GLOBAL_ACCENT_COLOR_NAME = AccentColor;
				CODE_SIGN_STYLE = Automatic;
				DEVELOPMENT_TEAM = QH95759TSS;
				GCC_PRECOMPILE_PREFIX_HEADER = YES;
				GCC_PREFIX_HEADER = TFY_Transitions/PCH/TFY_PrefixHeader.pch;
				INFOPLIST_FILE = TFY_Transitions/Info.plist;
				IPHONEOS_DEPLOYMENT_TARGET = 12.0;
				LD_RUNPATH_SEARCH_PATHS = (
					"$(inherited)",
					"@executable_path/Frameworks",
				);
				PRODUCT_BUNDLE_IDENTIFIER = "com.message.TFY-Transitions";
				PRODUCT_NAME = "$(TARGET_NAME)";
				TARGETED_DEVICE_FAMILY = "1,2";
			};
			name = Release;
		};
		36B7CE8D25B443D6005D81DF /* Debug */ = {
			isa = XCBuildConfiguration;
			buildSettings = {
				BUNDLE_LOADER = "$(TEST_HOST)";
				CODE_SIGN_STYLE = Automatic;
				DEVELOPMENT_TEAM = QH95759TSS;
				INFOPLIST_FILE = TFY_TransitionsTests/Info.plist;
				IPHONEOS_DEPLOYMENT_TARGET = 14.3;
				LD_RUNPATH_SEARCH_PATHS = (
					"$(inherited)",
					"@executable_path/Frameworks",
					"@loader_path/Frameworks",
				);
				PRODUCT_BUNDLE_IDENTIFIER = "com.message.TFY-TransitionsTests";
				PRODUCT_NAME = "$(TARGET_NAME)";
				TARGETED_DEVICE_FAMILY = "1,2";
				TEST_HOST = "$(BUILT_PRODUCTS_DIR)/TFY_Transitions.app/TFY_Transitions";
			};
			name = Debug;
		};
		36B7CE8E25B443D6005D81DF /* Release */ = {
			isa = XCBuildConfiguration;
			buildSettings = {
				BUNDLE_LOADER = "$(TEST_HOST)";
				CODE_SIGN_STYLE = Automatic;
				DEVELOPMENT_TEAM = QH95759TSS;
				INFOPLIST_FILE = TFY_TransitionsTests/Info.plist;
				IPHONEOS_DEPLOYMENT_TARGET = 14.3;
				LD_RUNPATH_SEARCH_PATHS = (
					"$(inherited)",
					"@executable_path/Frameworks",
					"@loader_path/Frameworks",
				);
				PRODUCT_BUNDLE_IDENTIFIER = "com.message.TFY-TransitionsTests";
				PRODUCT_NAME = "$(TARGET_NAME)";
				TARGETED_DEVICE_FAMILY = "1,2";
				TEST_HOST = "$(BUILT_PRODUCTS_DIR)/TFY_Transitions.app/TFY_Transitions";
			};
			name = Release;
		};
		36B7CE9025B443D6005D81DF /* Debug */ = {
			isa = XCBuildConfiguration;
			buildSettings = {
				CODE_SIGN_STYLE = Automatic;
				DEVELOPMENT_TEAM = QH95759TSS;
				INFOPLIST_FILE = TFY_TransitionsUITests/Info.plist;
				LD_RUNPATH_SEARCH_PATHS = (
					"$(inherited)",
					"@executable_path/Frameworks",
					"@loader_path/Frameworks",
				);
				PRODUCT_BUNDLE_IDENTIFIER = "com.message.TFY-TransitionsUITests";
				PRODUCT_NAME = "$(TARGET_NAME)";
				TARGETED_DEVICE_FAMILY = "1,2";
				TEST_TARGET_NAME = TFY_Transitions;
			};
			name = Debug;
		};
		36B7CE9125B443D6005D81DF /* Release */ = {
			isa = XCBuildConfiguration;
			buildSettings = {
				CODE_SIGN_STYLE = Automatic;
				DEVELOPMENT_TEAM = QH95759TSS;
				INFOPLIST_FILE = TFY_TransitionsUITests/Info.plist;
				LD_RUNPATH_SEARCH_PATHS = (
					"$(inherited)",
					"@executable_path/Frameworks",
					"@loader_path/Frameworks",
				);
				PRODUCT_BUNDLE_IDENTIFIER = "com.message.TFY-TransitionsUITests";
				PRODUCT_NAME = "$(TARGET_NAME)";
				TARGETED_DEVICE_FAMILY = "1,2";
				TEST_TARGET_NAME = TFY_Transitions;
			};
			name = Release;
		};
/* End XCBuildConfiguration section */

/* Begin XCConfigurationList section */
		36B7CE5525B443D5005D81DF /* Build configuration list for PBXProject "TFY_Transitions" */ = {
			isa = XCConfigurationList;
			buildConfigurations = (
				36B7CE8725B443D6005D81DF /* Debug */,
				36B7CE8825B443D6005D81DF /* Release */,
			);
			defaultConfigurationIsVisible = 0;
			defaultConfigurationName = Release;
		};
		36B7CE8925B443D6005D81DF /* Build configuration list for PBXNativeTarget "TFY_Transitions" */ = {
			isa = XCConfigurationList;
			buildConfigurations = (
				36B7CE8A25B443D6005D81DF /* Debug */,
				36B7CE8B25B443D6005D81DF /* Release */,
			);
			defaultConfigurationIsVisible = 0;
			defaultConfigurationName = Release;
		};
		36B7CE8C25B443D6005D81DF /* Build configuration list for PBXNativeTarget "TFY_TransitionsTests" */ = {
			isa = XCConfigurationList;
			buildConfigurations = (
				36B7CE8D25B443D6005D81DF /* Debug */,
				36B7CE8E25B443D6005D81DF /* Release */,
			);
			defaultConfigurationIsVisible = 0;
			defaultConfigurationName = Release;
		};
		36B7CE8F25B443D6005D81DF /* Build configuration list for PBXNativeTarget "TFY_TransitionsUITests" */ = {
			isa = XCConfigurationList;
			buildConfigurations = (
				36B7CE9025B443D6005D81DF /* Debug */,
				36B7CE9125B443D6005D81DF /* Release */,
			);
			defaultConfigurationIsVisible = 0;
			defaultConfigurationName = Release;
		};
/* End XCConfigurationList section */
	};
	rootObject = 36B7CE5225B443D5005D81DF /* Project object */;
}
